
Microsoft Visual Studio Solution File, Format Version 12.00
# Visual Studio Version 17
VisualStudioVersion = 17.9.34622.214
MinimumVisualStudioVersion = 10.0.40219.1
Project("{9A19103F-16F7-4668-BE54-9A1E7A4F7556}") = "MilkStore", "MilkStore\MilkStore.csproj", "{F37BECDA-6F22-46C2-B480-1D7B95EAA073}"
EndProject
Project("{9A19103F-16F7-4668-BE54-9A1E7A4F7556}") = "MilkStore_DAL", "MilkStore_DAL\MilkStore_DAL.csproj", "{75AE80B2-31CF-4463-8115-ACD619D71605}"
EndProject
Project("{9A19103F-16F7-4668-BE54-9A1E7A4F7556}") = "MilkStore_BAL", "MilkStore_BAL\MilkStore_BAL.csproj", "{FA11F048-F506-44F4-8303-95AC7425196F}"
EndProject
Project("{FAE04EC0-301F-11D3-BF4B-00C04F79EFBC}") = "Client_MilkForKidsStore", "Client_MilkForKidsStore\Client_MilkForKidsStore.csproj", "{B2231EB0-4D4C-48F6-89E4-F31D3D26332C}"
EndProject
Global
	GlobalSection(SolutionConfigurationPlatforms) = preSolution
		Debug|Any CPU = Debug|Any CPU
		Release|Any CPU = Release|Any CPU
	EndGlobalSection
	GlobalSection(ProjectConfigurationPlatforms) = postSolution
		{F37BECDA-6F22-46C2-B480-1D7B95EAA073}.Debug|Any CPU.ActiveCfg = Debug|Any CPU
		{F37BECDA-6F22-46C2-B480-1D7B95EAA073}.Debug|Any CPU.Build.0 = Debug|Any CPU
		{F37BECDA-6F22-46C2-B480-1D7B95EAA073}.Release|Any CPU.ActiveCfg = Release|Any CPU
		{F37BECDA-6F22-46C2-B480-1D7B95EAA073}.Release|Any CPU.Build.0 = Release|Any CPU
		{75AE80B2-31CF-4463-8115-ACD619D71605}.Debug|Any CPU.ActiveCfg = Debug|Any CPU
		{75AE80B2-31CF-4463-8115-ACD619D71605}.Debug|Any CPU.Build.0 = Debug|Any CPU
		{75AE80B2-31CF-4463-8115-ACD619D71605}.Release|Any CPU.ActiveCfg = Release|Any CPU
		{75AE80B2-31CF-4463-8115-ACD619D71605}.Release|Any CPU.Build.0 = Release|Any CPU
		{FA11F048-F506-44F4-8303-95AC7425196F}.Debug|Any CPU.ActiveCfg = Debug|Any CPU
		{FA11F048-F506-44F4-8303-95AC7425196F}.Debug|Any CPU.Build.0 = Debug|Any CPU
		{FA11F048-F506-44F4-8303-95AC7425196F}.Release|Any CPU.ActiveCfg = Release|Any CPU
		{FA11F048-F506-44F4-8303-95AC7425196F}.Release|Any CPU.Build.0 = Release|Any CPU
		{B2231EB0-4D4C-48F6-89E4-F31D3D26332C}.Debug|Any CPU.ActiveCfg = Debug|Any CPU
		{B2231EB0-4D4C-48F6-89E4-F31D3D26332C}.Debug|Any CPU.Build.0 = Debug|Any CPU
		{B2231EB0-4D4C-48F6-89E4-F31D3D26332C}.Release|Any CPU.ActiveCfg = Release|Any CPU
		{B2231EB0-4D4C-48F6-89E4-F31D3D26332C}.Release|Any CPU.Build.0 = Release|Any CPU
	EndGlobalSection
	GlobalSection(SolutionProperties) = preSolution
		HideSolutionNode = FALSE
	EndGlobalSection
	GlobalSection(ExtensibilityGlobals) = postSolution
		SolutionGuid = {E6376898-796F-4367-B0EC-3C57488CDCD7}
	EndGlobalSection
EndGlobal
